
Microsoft Visual Studio Solution File, Format Version 12.00
Project("{FAE04EC0-301F-11D3-BF4B-00C04F79EFBC}") = "Kata", "Kata\Kata.csproj", "{54A5B618-4AF6-4048-B1EF-F02516B3A745}"
EndProject
Project("{FAE04EC0-301F-11D3-BF4B-00C04F79EFBC}") = "KataTest", "KataTest\KataTest.csproj", "{9EEC6D22-3EC2-47FE-BBAF-B7C2D57523AD}"
EndProject
Global
	GlobalSection(SolutionConfigurationPlatforms) = preSolution
		Debug|Any CPU = Debug|Any CPU
		Release|Any CPU = Release|Any CPU
	EndGlobalSection
	GlobalSection(ProjectConfigurationPlatforms) = postSolution
		{54A5B618-4AF6-4048-B1EF-F02516B3A745}.Debug|Any CPU.ActiveCfg = Debug|Any CPU
		{54A5B618-4AF6-4048-B1EF-F02516B3A745}.Debug|Any CPU.Build.0 = Debug|Any CPU
		{54A5B618-4AF6-4048-B1EF-F02516B3A745}.Release|Any CPU.ActiveCfg = Release|Any CPU
		{54A5B618-4AF6-4048-B1EF-F02516B3A745}.Release|Any CPU.Build.0 = Release|Any CPU
		{9EEC6D22-3EC2-47FE-BBAF-B7C2D57523AD}.Debug|Any CPU.ActiveCfg = Debug|Any CPU
		{9EEC6D22-3EC2-47FE-BBAF-B7C2D57523AD}.Debug|Any CPU.Build.0 = Debug|Any CPU
		{9EEC6D22-3EC2-47FE-BBAF-B7C2D57523AD}.Release|Any CPU.ActiveCfg = Release|Any CPU
		{9EEC6D22-3EC2-47FE-BBAF-B7C2D57523AD}.Release|Any CPU.Build.0 = Release|Any CPU
	EndGlobalSection
EndGlobal
